
Microsoft Visual Studio Solution File, Format Version 12.00
# Visual Studio 2017
Project("{FAE04EC0-301F-11D3-BF4B-00C04F79EFBC}") = "Project_JOLF", "Project_JOLF.csproj", "{318C7C9B-6AAB-E219-D4F3-9E7E816014D4}"
EndProject
Global
	GlobalSection(SolutionConfigurationPlatforms) = preSolution
		Debug|Any CPU = Debug|Any CPU
		Release|Any CPU = Release|Any CPU
	EndGlobalSection
	GlobalSection(ProjectConfigurationPlatforms) = postSolution
		{318C7C9B-6AAB-E219-D4F3-9E7E816014D4}.Debug|Any CPU.ActiveCfg = Debug|Any CPU
		{318C7C9B-6AAB-E219-D4F3-9E7E816014D4}.Debug|Any CPU.Build.0 = Debug|Any CPU
		{318C7C9B-6AAB-E219-D4F3-9E7E816014D4}.Release|Any CPU.ActiveCfg = Release|Any CPU
		{318C7C9B-6AAB-E219-D4F3-9E7E816014D4}.Release|Any CPU.Build.0 = Release|Any CPU
	EndGlobalSection
	GlobalSection(SolutionProperties) = preSolution
		HideSolutionNode = FALSE
	EndGlobalSection
EndGlobal
